
Microsoft Visual Studio Solution File, Format Version 12.00
# Visual Studio Version 17
VisualStudioVersion = 17.1.32210.238
MinimumVisualStudioVersion = 10.0.40219.1
Project("{9A19103F-16F7-4668-BE54-9A1E7A4F7556}") = "ConsoleApp", "Tests\ConsoleApp\ConsoleApp.csproj", "{4ED9366F-169D-4134-ABCB-DE0CF7347B24}"
EndProject
Project("{9A19103F-16F7-4668-BE54-9A1E7A4F7556}") = "Model", "Model\Model.csproj", "{5E35AB9D-5CEF-4E87-802B-7F421467B43F}"
EndProject
Project("{2150E333-8FDC-42A3-9474-1A3956D46DE8}") = "Tests", "Tests", "{E7E1D41B-D495-442A-A1F2-6D7E9ECC4ADD}"
EndProject
Project("{9A19103F-16F7-4668-BE54-9A1E7A4F7556}") = "Model_Tests", "Tests\Model_Tests\Model_Tests.csproj", "{F4B72DA9-9F6B-41D9-9983-0BFAFE2C068A}"
EndProject
Project("{9A19103F-16F7-4668-BE54-9A1E7A4F7556}") = "EF_Model", "EF_Model\EF_Model.csproj", "{03909621-4F8C-4344-8563-BDC50E721C66}"
EndProject
Project("{2150E333-8FDC-42A3-9474-1A3956D46DE8}") = "EncryptionAssemblies", "EncryptionAssemblies", "{0684AB8C-50A0-4DDE-9FD3-ED55E624F58E}"
EndProject
Project("{9A19103F-16F7-4668-BE54-9A1E7A4F7556}") = "Encryption_Tests", "Tests\Encryption_Tests\Encryption_Tests.csproj", "{28C5C82B-8A25-44DE-BE45-936EB31F07B2}"
EndProject
Project("{9A19103F-16F7-4668-BE54-9A1E7A4F7556}") = "Utils_Tests", "Tests\Utils_Tests\Utils_Tests.csproj", "{E642AA9D-5577-4160-90A2-9AA800B13568}"
EndProject
Project("{9A19103F-16F7-4668-BE54-9A1E7A4F7556}") = "TestEntities", "Tests\TestEntities\TestEntities.csproj", "{0BE94F50-1782-4A2A-936B-4BEFA57B1EA0}"
EndProject
Project("{9A19103F-16F7-4668-BE54-9A1E7A4F7556}") = "Data", "Data\Data.csproj", "{AF5EC0A1-B990-4D92-828D-BAA784B731E4}"
EndProject
Project("{9A19103F-16F7-4668-BE54-9A1E7A4F7556}") = "EF_Tests", "Tests\EF_Tests\EF_Tests.csproj", "{9FB42B40-02D7-4478-9EA5-4F0C3A4613A4}"
EndProject
Project("{9A19103F-16F7-4668-BE54-9A1E7A4F7556}") = "Data_Tests", "Tests\Data_Tests\Data_Tests.csproj", "{DC9C0DD4-5C48-47F6-B675-2A1B2D3372AF}"
EndProject
Project("{9A19103F-16F7-4668-BE54-9A1E7A4F7556}") = "AESEncryption", "EncryptionAssemblies\AESEncryption\AESEncryption.csproj", "{8BA828C8-9D68-4CFB-A6D2-B48A645D5DA8}"
EndProject
Project("{9A19103F-16F7-4668-BE54-9A1E7A4F7556}") = "Encryption", "EncryptionAssemblies\Encryption\Encryption.csproj", "{C861AA97-AD72-4257-9B19-9EBBCBC95655}"
EndProject
Project("{2150E333-8FDC-42A3-9474-1A3956D46DE8}") = "ApiAssemblies", "ApiAssemblies", "{0413795F-888C-4278-B79B-5CB4E02AA1D5}"
EndProject
Project("{9A19103F-16F7-4668-BE54-9A1E7A4F7556}") = "API_REST", "ApiAssemblies\API_REST\API_REST.csproj", "{71E41A1F-40FB-4050-AF77-83AE70A719C2}"
	ProjectSection(ProjectDependencies) = postProject
		{AF5EC0A1-B990-4D92-828D-BAA784B731E4} = {AF5EC0A1-B990-4D92-828D-BAA784B731E4}
	EndProjectSection
EndProject
Project("{9A19103F-16F7-4668-BE54-9A1E7A4F7556}") = "API_Gateway", "ApiAssemblies\API_Gateway\API_Gateway.csproj", "{CE329894-729C-4D41-BC83-A115811BC068}"
EndProject
Project("{9A19103F-16F7-4668-BE54-9A1E7A4F7556}") = "ApiREST_Tests", "Tests\ApiREST_Tests\ApiREST_Tests.csproj", "{BAB3533E-BFB7-4591-B923-CF8100955E33}"
EndProject
Project("{9A19103F-16F7-4668-BE54-9A1E7A4F7556}") = "EncryptedModel", "EncryptionAssemblies\EncryptedModel\EncryptedModel.csproj", "{7D204E5B-C1A1-414F-AC68-B81E65375CB0}"
EndProject
Project("{FAE04EC0-301F-11D3-BF4B-00C04F79EFBC}") = "DTOs", "ApiAssemblies\DTOs\DTOs.csproj", "{1258D57E-8D31-4736-A629-31FEF89D0C61}"
EndProject
Global
	GlobalSection(SolutionConfigurationPlatforms) = preSolution
		Debug|Any CPU = Debug|Any CPU
		Release|Any CPU = Release|Any CPU
	EndGlobalSection
	GlobalSection(ProjectConfigurationPlatforms) = postSolution
		{4ED9366F-169D-4134-ABCB-DE0CF7347B24}.Debug|Any CPU.ActiveCfg = Debug|Any CPU
		{4ED9366F-169D-4134-ABCB-DE0CF7347B24}.Debug|Any CPU.Build.0 = Debug|Any CPU
		{4ED9366F-169D-4134-ABCB-DE0CF7347B24}.Release|Any CPU.ActiveCfg = Release|Any CPU
		{4ED9366F-169D-4134-ABCB-DE0CF7347B24}.Release|Any CPU.Build.0 = Release|Any CPU
		{5E35AB9D-5CEF-4E87-802B-7F421467B43F}.Debug|Any CPU.ActiveCfg = Debug|Any CPU
		{5E35AB9D-5CEF-4E87-802B-7F421467B43F}.Debug|Any CPU.Build.0 = Debug|Any CPU
		{5E35AB9D-5CEF-4E87-802B-7F421467B43F}.Release|Any CPU.ActiveCfg = Release|Any CPU
		{5E35AB9D-5CEF-4E87-802B-7F421467B43F}.Release|Any CPU.Build.0 = Release|Any CPU
		{F4B72DA9-9F6B-41D9-9983-0BFAFE2C068A}.Debug|Any CPU.ActiveCfg = Debug|Any CPU
		{F4B72DA9-9F6B-41D9-9983-0BFAFE2C068A}.Debug|Any CPU.Build.0 = Debug|Any CPU
		{F4B72DA9-9F6B-41D9-9983-0BFAFE2C068A}.Release|Any CPU.ActiveCfg = Release|Any CPU
		{F4B72DA9-9F6B-41D9-9983-0BFAFE2C068A}.Release|Any CPU.Build.0 = Release|Any CPU
		{03909621-4F8C-4344-8563-BDC50E721C66}.Debug|Any CPU.ActiveCfg = Debug|Any CPU
		{03909621-4F8C-4344-8563-BDC50E721C66}.Debug|Any CPU.Build.0 = Debug|Any CPU
		{03909621-4F8C-4344-8563-BDC50E721C66}.Release|Any CPU.ActiveCfg = Release|Any CPU
		{03909621-4F8C-4344-8563-BDC50E721C66}.Release|Any CPU.Build.0 = Release|Any CPU
		{28C5C82B-8A25-44DE-BE45-936EB31F07B2}.Debug|Any CPU.ActiveCfg = Debug|Any CPU
		{28C5C82B-8A25-44DE-BE45-936EB31F07B2}.Debug|Any CPU.Build.0 = Debug|Any CPU
		{28C5C82B-8A25-44DE-BE45-936EB31F07B2}.Release|Any CPU.ActiveCfg = Release|Any CPU
		{28C5C82B-8A25-44DE-BE45-936EB31F07B2}.Release|Any CPU.Build.0 = Release|Any CPU
		{E642AA9D-5577-4160-90A2-9AA800B13568}.Debug|Any CPU.ActiveCfg = Debug|Any CPU
		{E642AA9D-5577-4160-90A2-9AA800B13568}.Debug|Any CPU.Build.0 = Debug|Any CPU
		{E642AA9D-5577-4160-90A2-9AA800B13568}.Release|Any CPU.ActiveCfg = Release|Any CPU
		{E642AA9D-5577-4160-90A2-9AA800B13568}.Release|Any CPU.Build.0 = Release|Any CPU
		{0BE94F50-1782-4A2A-936B-4BEFA57B1EA0}.Debug|Any CPU.ActiveCfg = Debug|Any CPU
		{0BE94F50-1782-4A2A-936B-4BEFA57B1EA0}.Debug|Any CPU.Build.0 = Debug|Any CPU
		{0BE94F50-1782-4A2A-936B-4BEFA57B1EA0}.Release|Any CPU.ActiveCfg = Release|Any CPU
		{0BE94F50-1782-4A2A-936B-4BEFA57B1EA0}.Release|Any CPU.Build.0 = Release|Any CPU
		{AF5EC0A1-B990-4D92-828D-BAA784B731E4}.Debug|Any CPU.ActiveCfg = Debug|Any CPU
		{AF5EC0A1-B990-4D92-828D-BAA784B731E4}.Debug|Any CPU.Build.0 = Debug|Any CPU
		{AF5EC0A1-B990-4D92-828D-BAA784B731E4}.Release|Any CPU.ActiveCfg = Release|Any CPU
		{AF5EC0A1-B990-4D92-828D-BAA784B731E4}.Release|Any CPU.Build.0 = Release|Any CPU
		{9FB42B40-02D7-4478-9EA5-4F0C3A4613A4}.Debug|Any CPU.ActiveCfg = Debug|Any CPU
		{9FB42B40-02D7-4478-9EA5-4F0C3A4613A4}.Debug|Any CPU.Build.0 = Debug|Any CPU
		{9FB42B40-02D7-4478-9EA5-4F0C3A4613A4}.Release|Any CPU.ActiveCfg = Release|Any CPU
		{9FB42B40-02D7-4478-9EA5-4F0C3A4613A4}.Release|Any CPU.Build.0 = Release|Any CPU
		{DC9C0DD4-5C48-47F6-B675-2A1B2D3372AF}.Debug|Any CPU.ActiveCfg = Debug|Any CPU
		{DC9C0DD4-5C48-47F6-B675-2A1B2D3372AF}.Debug|Any CPU.Build.0 = Debug|Any CPU
		{DC9C0DD4-5C48-47F6-B675-2A1B2D3372AF}.Release|Any CPU.ActiveCfg = Release|Any CPU
		{DC9C0DD4-5C48-47F6-B675-2A1B2D3372AF}.Release|Any CPU.Build.0 = Release|Any CPU
		{8BA828C8-9D68-4CFB-A6D2-B48A645D5DA8}.Debug|Any CPU.ActiveCfg = Debug|Any CPU
		{8BA828C8-9D68-4CFB-A6D2-B48A645D5DA8}.Debug|Any CPU.Build.0 = Debug|Any CPU
		{8BA828C8-9D68-4CFB-A6D2-B48A645D5DA8}.Release|Any CPU.ActiveCfg = Release|Any CPU
		{8BA828C8-9D68-4CFB-A6D2-B48A645D5DA8}.Release|Any CPU.Build.0 = Release|Any CPU
		{C861AA97-AD72-4257-9B19-9EBBCBC95655}.Debug|Any CPU.ActiveCfg = Debug|Any CPU
		{C861AA97-AD72-4257-9B19-9EBBCBC95655}.Debug|Any CPU.Build.0 = Debug|Any CPU
		{C861AA97-AD72-4257-9B19-9EBBCBC95655}.Release|Any CPU.ActiveCfg = Release|Any CPU
		{C861AA97-AD72-4257-9B19-9EBBCBC95655}.Release|Any CPU.Build.0 = Release|Any CPU
		{71E41A1F-40FB-4050-AF77-83AE70A719C2}.Debug|Any CPU.ActiveCfg = Debug|Any CPU
		{71E41A1F-40FB-4050-AF77-83AE70A719C2}.Debug|Any CPU.Build.0 = Debug|Any CPU
		{71E41A1F-40FB-4050-AF77-83AE70A719C2}.Release|Any CPU.ActiveCfg = Release|Any CPU
		{71E41A1F-40FB-4050-AF77-83AE70A719C2}.Release|Any CPU.Build.0 = Release|Any CPU
		{CE329894-729C-4D41-BC83-A115811BC068}.Debug|Any CPU.ActiveCfg = Debug|Any CPU
		{CE329894-729C-4D41-BC83-A115811BC068}.Debug|Any CPU.Build.0 = Debug|Any CPU
		{CE329894-729C-4D41-BC83-A115811BC068}.Release|Any CPU.ActiveCfg = Release|Any CPU
		{CE329894-729C-4D41-BC83-A115811BC068}.Release|Any CPU.Build.0 = Release|Any CPU
		{BAB3533E-BFB7-4591-B923-CF8100955E33}.Debug|Any CPU.ActiveCfg = Debug|Any CPU
		{BAB3533E-BFB7-4591-B923-CF8100955E33}.Debug|Any CPU.Build.0 = Debug|Any CPU
		{BAB3533E-BFB7-4591-B923-CF8100955E33}.Release|Any CPU.ActiveCfg = Release|Any CPU
		{BAB3533E-BFB7-4591-B923-CF8100955E33}.Release|Any CPU.Build.0 = Release|Any CPU
		{7D204E5B-C1A1-414F-AC68-B81E65375CB0}.Debug|Any CPU.ActiveCfg = Debug|Any CPU
		{7D204E5B-C1A1-414F-AC68-B81E65375CB0}.Debug|Any CPU.Build.0 = Debug|Any CPU
		{7D204E5B-C1A1-414F-AC68-B81E65375CB0}.Release|Any CPU.ActiveCfg = Release|Any CPU
		{7D204E5B-C1A1-414F-AC68-B81E65375CB0}.Release|Any CPU.Build.0 = Release|Any CPU
		{1258D57E-8D31-4736-A629-31FEF89D0C61}.Debug|Any CPU.ActiveCfg = Debug|Any CPU
		{1258D57E-8D31-4736-A629-31FEF89D0C61}.Debug|Any CPU.Build.0 = Debug|Any CPU
		{1258D57E-8D31-4736-A629-31FEF89D0C61}.Release|Any CPU.ActiveCfg = Release|Any CPU
		{1258D57E-8D31-4736-A629-31FEF89D0C61}.Release|Any CPU.Build.0 = Release|Any CPU
	EndGlobalSection
	GlobalSection(SolutionProperties) = preSolution
		HideSolutionNode = FALSE
	EndGlobalSection
	GlobalSection(NestedProjects) = preSolution
		{4ED9366F-169D-4134-ABCB-DE0CF7347B24} = {E7E1D41B-D495-442A-A1F2-6D7E9ECC4ADD}
		{F4B72DA9-9F6B-41D9-9983-0BFAFE2C068A} = {E7E1D41B-D495-442A-A1F2-6D7E9ECC4ADD}
		{28C5C82B-8A25-44DE-BE45-936EB31F07B2} = {E7E1D41B-D495-442A-A1F2-6D7E9ECC4ADD}
		{E642AA9D-5577-4160-90A2-9AA800B13568} = {E7E1D41B-D495-442A-A1F2-6D7E9ECC4ADD}
		{0BE94F50-1782-4A2A-936B-4BEFA57B1EA0} = {E7E1D41B-D495-442A-A1F2-6D7E9ECC4ADD}
		{9FB42B40-02D7-4478-9EA5-4F0C3A4613A4} = {E7E1D41B-D495-442A-A1F2-6D7E9ECC4ADD}
		{DC9C0DD4-5C48-47F6-B675-2A1B2D3372AF} = {E7E1D41B-D495-442A-A1F2-6D7E9ECC4ADD}
		{8BA828C8-9D68-4CFB-A6D2-B48A645D5DA8} = {0684AB8C-50A0-4DDE-9FD3-ED55E624F58E}
		{C861AA97-AD72-4257-9B19-9EBBCBC95655} = {0684AB8C-50A0-4DDE-9FD3-ED55E624F58E}
		{71E41A1F-40FB-4050-AF77-83AE70A719C2} = {0413795F-888C-4278-B79B-5CB4E02AA1D5}
		{CE329894-729C-4D41-BC83-A115811BC068} = {0413795F-888C-4278-B79B-5CB4E02AA1D5}
		{BAB3533E-BFB7-4591-B923-CF8100955E33} = {E7E1D41B-D495-442A-A1F2-6D7E9ECC4ADD}
		{7D204E5B-C1A1-414F-AC68-B81E65375CB0} = {0684AB8C-50A0-4DDE-9FD3-ED55E624F58E}
		{1258D57E-8D31-4736-A629-31FEF89D0C61} = {0413795F-888C-4278-B79B-5CB4E02AA1D5}
	EndGlobalSection
	GlobalSection(ExtensibilityGlobals) = postSolution
		SolutionGuid = {9E754B2B-EE04-418A-B8C9-A8D1842AE309}
	EndGlobalSection
EndGlobal
