
Microsoft Visual Studio Solution File, Format Version 12.00
# Visual Studio Version 17
VisualStudioVersion = 17.1.32210.238
MinimumVisualStudioVersion = 10.0.40219.1
Project("{9A19103F-16F7-4668-BE54-9A1E7A4F7556}") = "Model", "Model\Model.csproj", "{5E35AB9D-5CEF-4E87-802B-7F421467B43F}"
EndProject
Project("{2150E333-8FDC-42A3-9474-1A3956D46DE8}") = "Tests", "Tests", "{E7E1D41B-D495-442A-A1F2-6D7E9ECC4ADD}"
EndProject
Project("{9A19103F-16F7-4668-BE54-9A1E7A4F7556}") = "Model_Tests", "Tests\Model_Tests\Model_Tests.csproj", "{F4B72DA9-9F6B-41D9-9983-0BFAFE2C068A}"
EndProject
Project("{9A19103F-16F7-4668-BE54-9A1E7A4F7556}") = "Encryption", "Utils\Encryption.csproj", "{F5341D01-6A24-4CFA-B44D-002FC58BE173}"
EndProject
Project("{9A19103F-16F7-4668-BE54-9A1E7A4F7556}") = "Utils_Tests", "Utils_Tests\Utils_Tests.csproj", "{11F4883F-3353-4C53-AB2E-C7281DAD4902}"
EndProject
Project("{FAE04EC0-301F-11D3-BF4B-00C04F79EFBC}") = "AESEncryption", "AESEncryption\AESEncryption.csproj", "{0D84B023-992D-481F-8032-E68D46AA6C6A}"
EndProject
Global
	GlobalSection(SolutionConfigurationPlatforms) = preSolution
		Debug|Any CPU = Debug|Any CPU
		Release|Any CPU = Release|Any CPU
	EndGlobalSection
	GlobalSection(ProjectConfigurationPlatforms) = postSolution
		{5E35AB9D-5CEF-4E87-802B-7F421467B43F}.Debug|Any CPU.ActiveCfg = Debug|Any CPU
		{5E35AB9D-5CEF-4E87-802B-7F421467B43F}.Debug|Any CPU.Build.0 = Debug|Any CPU
		{5E35AB9D-5CEF-4E87-802B-7F421467B43F}.Release|Any CPU.ActiveCfg = Release|Any CPU
		{5E35AB9D-5CEF-4E87-802B-7F421467B43F}.Release|Any CPU.Build.0 = Release|Any CPU
		{F4B72DA9-9F6B-41D9-9983-0BFAFE2C068A}.Debug|Any CPU.ActiveCfg = Debug|Any CPU
		{F4B72DA9-9F6B-41D9-9983-0BFAFE2C068A}.Debug|Any CPU.Build.0 = Debug|Any CPU
		{F4B72DA9-9F6B-41D9-9983-0BFAFE2C068A}.Release|Any CPU.ActiveCfg = Release|Any CPU
		{F4B72DA9-9F6B-41D9-9983-0BFAFE2C068A}.Release|Any CPU.Build.0 = Release|Any CPU
		{F5341D01-6A24-4CFA-B44D-002FC58BE173}.Debug|Any CPU.ActiveCfg = Debug|Any CPU
		{F5341D01-6A24-4CFA-B44D-002FC58BE173}.Debug|Any CPU.Build.0 = Debug|Any CPU
		{F5341D01-6A24-4CFA-B44D-002FC58BE173}.Release|Any CPU.ActiveCfg = Release|Any CPU
		{F5341D01-6A24-4CFA-B44D-002FC58BE173}.Release|Any CPU.Build.0 = Release|Any CPU
		{11F4883F-3353-4C53-AB2E-C7281DAD4902}.Debug|Any CPU.ActiveCfg = Debug|Any CPU
		{11F4883F-3353-4C53-AB2E-C7281DAD4902}.Debug|Any CPU.Build.0 = Debug|Any CPU
		{11F4883F-3353-4C53-AB2E-C7281DAD4902}.Release|Any CPU.ActiveCfg = Release|Any CPU
		{11F4883F-3353-4C53-AB2E-C7281DAD4902}.Release|Any CPU.Build.0 = Release|Any CPU
		{0D84B023-992D-481F-8032-E68D46AA6C6A}.Debug|Any CPU.ActiveCfg = Debug|Any CPU
		{0D84B023-992D-481F-8032-E68D46AA6C6A}.Debug|Any CPU.Build.0 = Debug|Any CPU
		{0D84B023-992D-481F-8032-E68D46AA6C6A}.Release|Any CPU.ActiveCfg = Release|Any CPU
		{0D84B023-992D-481F-8032-E68D46AA6C6A}.Release|Any CPU.Build.0 = Release|Any CPU
	EndGlobalSection
	GlobalSection(SolutionProperties) = preSolution
		HideSolutionNode = FALSE
	EndGlobalSection
	GlobalSection(NestedProjects) = preSolution
		{F4B72DA9-9F6B-41D9-9983-0BFAFE2C068A} = {E7E1D41B-D495-442A-A1F2-6D7E9ECC4ADD}
		{11F4883F-3353-4C53-AB2E-C7281DAD4902} = {E7E1D41B-D495-442A-A1F2-6D7E9ECC4ADD}
	EndGlobalSection
	GlobalSection(ExtensibilityGlobals) = postSolution
		SolutionGuid = {9E754B2B-EE04-418A-B8C9-A8D1842AE309}
	EndGlobalSection
EndGlobal
